{
  "name": "prime-test",
  "version": "1.0.0",
  "lockfileVersion": 1,
  "requires": true,
  "dependencies": {
    "ansi-regex": {
      "version": "2.1.1",
      "resolved": "https://registry.npmjs.org/ansi-regex/-/ansi-regex-2.1.1.tgz",
      "integrity": "sha1-w7M6te42DYbg5ijwRorn7yfWVN8="
    },
    "cli-table2": {
      "version": "0.2.0",
      "resolved": "https://registry.npmjs.org/cli-table2/-/cli-table2-0.2.0.tgz",
      "integrity": "sha1-LR738hig54biFFQFYtS9F3/jLZc=",
      "requires": {
        "colors": "1.1.2",
        "lodash": "3.10.1",
        "string-width": "1.0.2"
      }
    },
    "clone": {
      "version": "1.0.3",
      "resolved": "https://registry.npmjs.org/clone/-/clone-1.0.3.tgz",
      "integrity": "sha1-KY1+IjFmD0DAA8LtMUDezz9TCF8=",
      "optional": true
    },
    "code-point-at": {
      "version": "1.1.0",
      "resolved": "https://registry.npmjs.org/code-point-at/-/code-point-at-1.1.0.tgz",
      "integrity": "sha1-DQcLTQQ6W+ozovGkDi7bPZpMz3c="
    },
    "colors": {
      "version": "1.1.2",
      "resolved": "https://registry.npmjs.org/colors/-/colors-1.1.2.tgz",
      "integrity": "sha1-FopHAXVran9RoSzgyXv6KMCE7WM="
    },
    "console.table": {
      "version": "0.9.1",
      "resolved": "https://registry.npmjs.org/console.table/-/console.table-0.9.1.tgz",
      "integrity": "sha1-SwH9CmtW//t5CSeD5WqbuQZ4cow=",
      "requires": {
        "easy-table": "1.1.0"
      }
    },
    "defaults": {
      "version": "1.0.3",
      "resolved": "https://registry.npmjs.org/defaults/-/defaults-1.0.3.tgz",
      "integrity": "sha1-xlYFHpgX2f8I7YgUd/P+QBnz730=",
      "optional": true,
      "requires": {
        "clone": "1.0.3"
      }
    },
    "eastasianwidth": {
      "version": "0.1.1",
      "resolved": "https://registry.npmjs.org/eastasianwidth/-/eastasianwidth-0.1.1.tgz",
      "integrity": "sha1-RNZW3p2kFWlEZzNTZfsxR7hXK3w="
    },
    "easy-table": {
      "version": "1.1.0",
      "resolved": "https://registry.npmjs.org/easy-table/-/easy-table-1.1.0.tgz",
      "integrity": "sha1-hvmrTBAvA3G3KXuSplHVgkvIy3M=",
      "requires": {
        "wcwidth": "1.0.1"
      }
    },
    "is-fullwidth-code-point": {
      "version": "1.0.0",
      "resolved": "https://registry.npmjs.org/is-fullwidth-code-point/-/is-fullwidth-code-point-1.0.0.tgz",
      "integrity": "sha1-754xOG8DGn8NZDr4L95QxFfvAMs=",
      "requires": {
        "number-is-nan": "1.0.1"
      }
    },
    "lodash": {
      "version": "3.10.1",
      "resolved": "https://registry.npmjs.org/lodash/-/lodash-3.10.1.tgz",
      "integrity": "sha1-W/Rejkm6QYnhfUgnid/RW9FAt7Y="
    },
    "number-is-nan": {
      "version": "1.0.1",
      "resolved": "https://registry.npmjs.org/number-is-nan/-/number-is-nan-1.0.1.tgz",
      "integrity": "sha1-CXtgK1NCKlIsGvuHkDGDNpQaAR0="
    },
    "string-width": {
      "version": "1.0.2",
      "resolved": "https://registry.npmjs.org/string-width/-/string-width-1.0.2.tgz",
      "integrity": "sha1-EYvfW4zcUaKn5w0hHgfisLmxB9M=",
      "requires": {
        "code-point-at": "1.1.0",
        "is-fullwidth-code-point": "1.0.0",
        "strip-ansi": "3.0.1"
      }
    },
    "strip-ansi": {
      "version": "3.0.1",
      "resolved": "https://registry.npmjs.org/strip-ansi/-/strip-ansi-3.0.1.tgz",
      "integrity": "sha1-ajhfuIU9lS1f8F0Oiq+UJ43GPc8=",
      "requires": {
        "ansi-regex": "2.1.1"
      }
    },
    "terminal-table": {
      "version": "0.0.12",
      "resolved": "https://registry.npmjs.org/terminal-table/-/terminal-table-0.0.12.tgz",
      "integrity": "sha1-e1bQCapoKN/dEPEbZU55wGKWX6I=",
      "requires": {
        "colors": "1.1.2",
        "eastasianwidth": "0.1.1"
      }
    },
    "wcwidth": {
      "version": "1.0.1",
      "resolved": "https://registry.npmjs.org/wcwidth/-/wcwidth-1.0.1.tgz",
      "integrity": "sha1-8LDc+RW8X/FSivrbLA4XtTLaL+g=",
      "optional": true,
      "requires": {
        "defaults": "1.0.3"
      }
    }
  }
}
